<?xml version="1.0" encoding="utf-8"?>
<Project ToolsVersion="4.0" xmlns="http://schemas.microsoft.com/developer/msbuild/2003">
  <ItemGroup>
    <Filter Include="Source Files">
      <UniqueIdentifier>{4FC737F1-C7A5-4376-A066-2A32D752A2FF}</UniqueIdentifier>
      <Extensions>cpp;c;cc;cxx;def;odl;idl;hpj;bat;asm;asmx</Extensions>
    </Filter>
    <Filter Include="Header Files">
      <UniqueIdentifier>{93995380-89BD-4b04-88EB-625FBE52EBFB}</UniqueIdentifier>
      <Extensions>h;hpp;hxx;hm;inl;inc;xsd</Extensions>
    </Filter>
    <Filter Include="Resource Files">
      <UniqueIdentifier>{67DA6AB6-F800-4c08-8B7A-83BB121AAD01}</UniqueIdentifier>
      <Extensions>rc;ico;cur;bmp;dlg;rc2;rct;bin;rgs;gif;jpg;jpeg;jpe;resx;tiff;tif;png;wav;mfcribbon-ms</Extensions>
    </Filter>
  </ItemGroup>
  <ItemGroup>
    <ClCompile Include="db\error\error.cpp">
      <Filter>Source Files</Filter>
    </ClCompile>
    <ClCompile Include="db\graphics\gui\font.cpp">
      <Filter>Source Files</Filter>
    </ClCompile>
    <ClCompile Include="db\graphics\gui\rect.cpp">
      <Filter>Source Files</Filter>
    </ClCompile>
    <ClCompile Include="db\graphics\gui\scroll.cpp">
      <Filter>Source Files</Filter>
    </ClCompile>
    <ClCompile Include="db\graphics\gui\text.cpp">
      <Filter>Source Files</Filter>
    </ClCompile>
    <ClCompile Include="db\graphics\gui\textbox.cpp">
      <Filter>Source Files</Filter>
    </ClCompile>
    <ClCompile Include="db\graphics\io\image.cpp">
      <Filter>Source Files</Filter>
    </ClCompile>
    <ClCompile Include="db\graphics\io\mesh.cpp">
      <Filter>Source Files</Filter>
    </ClCompile>
    <ClCompile Include="db\graphics\io\texture.cpp">
      <Filter>Source Files</Filter>
    </ClCompile>
    <ClCompile Include="db\graphics\io\vbo.cpp">
      <Filter>Source Files</Filter>
    </ClCompile>
    <ClCompile Include="db\graphics\graphics.cpp">
      <Filter>Source Files</Filter>
    </ClCompile>
    <ClCompile Include="db\graphics\pixel.cpp">
      <Filter>Source Files</Filter>
    </ClCompile>
    <ClCompile Include="db\math\math.cpp">
      <Filter>Source Files</Filter>
    </ClCompile>
    <ClCompile Include="db\math\rectpack.cpp">
      <Filter>Source Files</Filter>
    </ClCompile>
    <ClCompile Include="db\misc\stream.cpp">
      <Filter>Source Files</Filter>
    </ClCompile>
    <ClCompile Include="db\network\network.cpp">
      <Filter>Source Files</Filter>
    </ClCompile>
    <ClCompile Include="db\network\tcp.cpp">
      <Filter>Source Files</Filter>
    </ClCompile>
    <ClCompile Include="db\network\udp.cpp">
      <Filter>Source Files</Filter>
    </ClCompile>
    <ClCompile Include="db\threads\iocp.cpp">
      <Filter>Source Files</Filter>
    </ClCompile>
    <ClCompile Include="db\threads\overlapped.cpp">
      <Filter>Source Files</Filter>
    </ClCompile>
    <ClCompile Include="db\threads\threads.cpp">
      <Filter>Source Files</Filter>
    </ClCompile>
    <ClCompile Include="db\db.cpp">
      <Filter>Source Files</Filter>
    </ClCompile>
    <ClCompile Include="db\window\timer.cpp">
      <Filter>Source Files</Filter>
    </ClCompile>
    <ClCompile Include="db\window\window.cpp">
      <Filter>Source Files</Filter>
    </ClCompile>
    <ClCompile Include="db\config.cpp">
      <Filter>Source Files</Filter>
    </ClCompile>
    <ClCompile Include="db\misc\value_animator.cpp">
      <Filter>Source Files</Filter>
    </ClCompile>
    <ClCompile Include="microplus\level.cpp">
      <Filter>Source Files</Filter>
    </ClCompile>
    <ClCompile Include="sdk\customgui\gui1.cpp">
      <Filter>Source Files</Filter>
    </ClCompile>
    <ClCompile Include="db\graphics\gui\system.cpp">
      <Filter>Source Files</Filter>
    </ClCompile>
    <ClCompile Include="sdk\examples\simplegraphs.cpp">
      <Filter>Source Files</Filter>
    </ClCompile>
  </ItemGroup>
  <ItemGroup>
    <ClInclude Include="db\error\errmacro.h">
      <Filter>Header Files</Filter>
    </ClInclude>
    <ClInclude Include="db\error\error.h">
      <Filter>Header Files</Filter>
    </ClInclude>
    <ClInclude Include="db\graphics\gui\font.h">
      <Filter>Header Files</Filter>
    </ClInclude>
    <ClInclude Include="db\graphics\gui\rect.h">
      <Filter>Header Files</Filter>
    </ClInclude>
    <ClInclude Include="db\graphics\gui\scroll.h">
      <Filter>Header Files</Filter>
    </ClInclude>
    <ClInclude Include="db\graphics\gui\text.h">
      <Filter>Header Files</Filter>
    </ClInclude>
    <ClInclude Include="db\graphics\io\image.h">
      <Filter>Header Files</Filter>
    </ClInclude>
    <ClInclude Include="db\graphics\io\mesh.h">
      <Filter>Header Files</Filter>
    </ClInclude>
    <ClInclude Include="db\graphics\io\renderer.h">
      <Filter>Header Files</Filter>
    </ClInclude>
    <ClInclude Include="db\graphics\io\texture.h">
      <Filter>Header Files</Filter>
    </ClInclude>
    <ClInclude Include="db\graphics\io\vbo.h">
      <Filter>Header Files</Filter>
    </ClInclude>
    <ClInclude Include="db\graphics\graphics.h">
      <Filter>Header Files</Filter>
    </ClInclude>
    <ClInclude Include="db\graphics\pixel.h">
      <Filter>Header Files</Filter>
    </ClInclude>
    <ClInclude Include="db\math\math.h">
      <Filter>Header Files</Filter>
    </ClInclude>
    <ClInclude Include="db\misc\container\registry.h">
      <Filter>Header Files</Filter>
    </ClInclude>
    <ClInclude Include="db\misc\stream.h">
      <Filter>Header Files</Filter>
    </ClInclude>
    <ClInclude Include="db\misc\undoredo.h">
      <Filter>Header Files</Filter>
    </ClInclude>
    <ClInclude Include="db\network\network.h">
      <Filter>Header Files</Filter>
    </ClInclude>
    <ClInclude Include="db\threads\threads.h">
      <Filter>Header Files</Filter>
    </ClInclude>
    <ClInclude Include="db\db.h">
      <Filter>Header Files</Filter>
    </ClInclude>
    <ClInclude Include="db\options.h">
      <Filter>Header Files</Filter>
    </ClInclude>
    <ClInclude Include="db\window\window.h">
      <Filter>Header Files</Filter>
    </ClInclude>
    <ClInclude Include="db\config.h">
      <Filter>Header Files</Filter>
    </ClInclude>
    <ClInclude Include="microplus\entity.h">
      <Filter>Header Files</Filter>
    </ClInclude>
    <ClInclude Include="db\misc\value_animator.h">
      <Filter>Header Files</Filter>
    </ClInclude>
    <ClInclude Include="microplus\drawable.h">
      <Filter>Header Files</Filter>
    </ClInclude>
    <ClInclude Include="microplus\level.h">
      <Filter>Header Files</Filter>
    </ClInclude>
    <ClInclude Include="microplus\tile.h">
      <Filter>Header Files</Filter>
    </ClInclude>
    <ClInclude Include="microplus\microplus.h">
      <Filter>Header Files</Filter>
    </ClInclude>
    <ClInclude Include="sdk\customgui\gui1.h">
      <Filter>Header Files</Filter>
    </ClInclude>
    <ClInclude Include="db\math\graph.h">
      <Filter>Header Files</Filter>
    </ClInclude>
    <ClInclude Include="db\misc\container\circular_buffer.h">
      <Filter>Header Files</Filter>
    </ClInclude>
    <ClInclude Include="db\misc\container\circular_buffer.hpp">
      <Filter>Header Files</Filter>
    </ClInclude>
    <ClInclude Include="db\graphics\gui\system.h">
      <Filter>Header Files</Filter>
    </ClInclude>
    <ClInclude Include="db\event.h">
      <Filter>Header Files</Filter>
    </ClInclude>
    <ClInclude Include="db\window\timer.h">
      <Filter>Header Files</Filter>
    </ClInclude>
  </ItemGroup>
</Project>