<?xml version="1.0" encoding="utf-8"?>
<Project ToolsVersion="4.0" xmlns="http://schemas.microsoft.com/developer/msbuild/2003">
  <ItemGroup>
    <Filter Include="Source Files">
      <UniqueIdentifier>{4FC737F1-C7A5-4376-A066-2A32D752A2FF}</UniqueIdentifier>
      <Extensions>cpp;c;cc;cxx;def;odl;idl;hpj;bat;asm;asmx</Extensions>
    </Filter>
    <Filter Include="Header Files">
      <UniqueIdentifier>{93995380-89BD-4b04-88EB-625FBE52EBFB}</UniqueIdentifier>
      <Extensions>h;hpp;hxx;hm;inl;inc;xsd</Extensions>
    </Filter>
    <Filter Include="Resource Files">
      <UniqueIdentifier>{67DA6AB6-F800-4c08-8B7A-83BB121AAD01}</UniqueIdentifier>
      <Extensions>rc;ico;cur;bmp;dlg;rc2;rct;bin;rgs;gif;jpg;jpeg;jpe;resx;tiff;tif;png;wav;mfcribbon-ms</Extensions>
    </Filter>
  </ItemGroup>
  <ItemGroup>
    <ClInclude Include="include\error\errmacro.h">
      <Filter>Header Files</Filter>
    </ClInclude>
    <ClInclude Include="include\error\error.h">
      <Filter>Header Files</Filter>
    </ClInclude>
    <ClInclude Include="include\graphics\gui\font.h">
      <Filter>Header Files</Filter>
    </ClInclude>
    <ClInclude Include="include\graphics\gui\rect.h">
      <Filter>Header Files</Filter>
    </ClInclude>
    <ClInclude Include="include\graphics\gui\system.h">
      <Filter>Header Files</Filter>
    </ClInclude>
    <ClInclude Include="include\graphics\io\image.h">
      <Filter>Header Files</Filter>
    </ClInclude>
    <ClInclude Include="include\graphics\io\mesh.h">
      <Filter>Header Files</Filter>
    </ClInclude>
    <ClInclude Include="include\graphics\io\renderer.h">
      <Filter>Header Files</Filter>
    </ClInclude>
    <ClInclude Include="include\graphics\io\texture.h">
      <Filter>Header Files</Filter>
    </ClInclude>
    <ClInclude Include="include\graphics\io\vbo.h">
      <Filter>Header Files</Filter>
    </ClInclude>
    <ClInclude Include="include\graphics\graphics.h">
      <Filter>Header Files</Filter>
    </ClInclude>
    <ClInclude Include="include\graphics\pixel.h">
      <Filter>Header Files</Filter>
    </ClInclude>
    <ClInclude Include="include\math\graph.h">
      <Filter>Header Files</Filter>
    </ClInclude>
    <ClInclude Include="include\math\math.h">
      <Filter>Header Files</Filter>
    </ClInclude>
    <ClInclude Include="include\misc\container\circular_buffer.h">
      <Filter>Header Files</Filter>
    </ClInclude>
    <ClInclude Include="include\misc\container\circular_buffer.hpp">
      <Filter>Header Files</Filter>
    </ClInclude>
    <ClInclude Include="include\misc\container\registry.h">
      <Filter>Header Files</Filter>
    </ClInclude>
    <ClInclude Include="include\misc\stream.h">
      <Filter>Header Files</Filter>
    </ClInclude>
    <ClInclude Include="include\misc\undoredo.h">
      <Filter>Header Files</Filter>
    </ClInclude>
    <ClInclude Include="include\misc\value_animator.h">
      <Filter>Header Files</Filter>
    </ClInclude>
    <ClInclude Include="include\network\network.h">
      <Filter>Header Files</Filter>
    </ClInclude>
    <ClInclude Include="include\threads\threads.h">
      <Filter>Header Files</Filter>
    </ClInclude>
    <ClInclude Include="include\window\timer.h">
      <Filter>Header Files</Filter>
    </ClInclude>
    <ClInclude Include="include\window\window.h">
      <Filter>Header Files</Filter>
    </ClInclude>
    <ClInclude Include="include\config.h">
      <Filter>Header Files</Filter>
    </ClInclude>
    <ClInclude Include="include\db.h">
      <Filter>Header Files</Filter>
    </ClInclude>
    <ClInclude Include="include\event.h">
      <Filter>Header Files</Filter>
    </ClInclude>
    <ClInclude Include="include\options.h">
      <Filter>Header Files</Filter>
    </ClInclude>
    <ClInclude Include="include\graphics\gui\textbox.h">
      <Filter>Header Files</Filter>
    </ClInclude>
    <ClInclude Include="include\graphics\gui\text\word_separator.h">
      <Filter>Header Files</Filter>
    </ClInclude>
    <ClInclude Include="include\graphics\gui\text\printer.h">
      <Filter>Header Files</Filter>
    </ClInclude>
    <ClInclude Include="include\graphics\gui\text\drafter.h">
      <Filter>Header Files</Filter>
    </ClInclude>
    <ClInclude Include="include\graphics\gui\text\ui.h">
      <Filter>Header Files</Filter>
    </ClInclude>
    <ClInclude Include="include\graphics\gui\text\caret.h">
      <Filter>Header Files</Filter>
    </ClInclude>
    <ClInclude Include="include\graphics\gui\text\text_rect.h">
      <Filter>Header Files</Filter>
    </ClInclude>
    <ClInclude Include="include\graphics\gui\dragger.h">
      <Filter>Header Files</Filter>
    </ClInclude>
    <ClInclude Include="include\graphics\gui\scrollarea.h">
      <Filter>Header Files</Filter>
    </ClInclude>
    <ClInclude Include="include\graphics\gui\text\draft_interface.h">
      <Filter>Header Files</Filter>
    </ClInclude>
    <ClInclude Include="include\graphics\gui\checkbox.h">
      <Filter>Header Files</Filter>
    </ClInclude>
    <ClInclude Include="include\graphics\gui\stylesheet.h">
      <Filter>Header Files</Filter>
    </ClInclude>
    <ClInclude Include="include\graphics\gui\stroke.h">
      <Filter>Header Files</Filter>
    </ClInclude>
  </ItemGroup>
  <ItemGroup>
    <ClCompile Include="include\error\error.cpp">
      <Filter>Source Files</Filter>
    </ClCompile>
    <ClCompile Include="include\graphics\gui\font.cpp">
      <Filter>Source Files</Filter>
    </ClCompile>
    <ClCompile Include="include\graphics\gui\rect.cpp">
      <Filter>Source Files</Filter>
    </ClCompile>
    <ClCompile Include="include\graphics\gui\system.cpp">
      <Filter>Source Files</Filter>
    </ClCompile>
    <ClCompile Include="include\graphics\gui\textbox.cpp">
      <Filter>Source Files</Filter>
    </ClCompile>
    <ClCompile Include="include\graphics\io\image.cpp">
      <Filter>Source Files</Filter>
    </ClCompile>
    <ClCompile Include="include\graphics\io\mesh.cpp">
      <Filter>Source Files</Filter>
    </ClCompile>
    <ClCompile Include="include\graphics\io\texture.cpp">
      <Filter>Source Files</Filter>
    </ClCompile>
    <ClCompile Include="include\graphics\io\vbo.cpp">
      <Filter>Source Files</Filter>
    </ClCompile>
    <ClCompile Include="include\graphics\graphics.cpp">
      <Filter>Source Files</Filter>
    </ClCompile>
    <ClCompile Include="include\graphics\pixel.cpp">
      <Filter>Source Files</Filter>
    </ClCompile>
    <ClCompile Include="include\math\math.cpp">
      <Filter>Source Files</Filter>
    </ClCompile>
    <ClCompile Include="include\math\rectpack.cpp">
      <Filter>Source Files</Filter>
    </ClCompile>
    <ClCompile Include="include\misc\stream.cpp">
      <Filter>Source Files</Filter>
    </ClCompile>
    <ClCompile Include="include\misc\value_animator.cpp">
      <Filter>Source Files</Filter>
    </ClCompile>
    <ClCompile Include="include\network\network.cpp">
      <Filter>Source Files</Filter>
    </ClCompile>
    <ClCompile Include="include\network\tcp.cpp">
      <Filter>Source Files</Filter>
    </ClCompile>
    <ClCompile Include="include\network\udp.cpp">
      <Filter>Source Files</Filter>
    </ClCompile>
    <ClCompile Include="include\threads\iocp.cpp">
      <Filter>Source Files</Filter>
    </ClCompile>
    <ClCompile Include="include\threads\overlapped.cpp">
      <Filter>Source Files</Filter>
    </ClCompile>
    <ClCompile Include="include\threads\threads.cpp">
      <Filter>Source Files</Filter>
    </ClCompile>
    <ClCompile Include="include\window\timer.cpp">
      <Filter>Source Files</Filter>
    </ClCompile>
    <ClCompile Include="include\window\window.cpp">
      <Filter>Source Files</Filter>
    </ClCompile>
    <ClCompile Include="include\config.cpp">
      <Filter>Source Files</Filter>
    </ClCompile>
    <ClCompile Include="include\graphics\gui\text\word_separator.cpp">
      <Filter>Source Files</Filter>
    </ClCompile>
    <ClCompile Include="include\graphics\gui\text\printer.cpp">
      <Filter>Source Files</Filter>
    </ClCompile>
    <ClCompile Include="include\graphics\gui\text\drafter.cpp">
      <Filter>Source Files</Filter>
    </ClCompile>
    <ClCompile Include="include\graphics\gui\text\ui.cpp">
      <Filter>Source Files</Filter>
    </ClCompile>
    <ClCompile Include="include\graphics\gui\text\caret.cpp">
      <Filter>Source Files</Filter>
    </ClCompile>
    <ClCompile Include="include\graphics\gui\dragger.cpp">
      <Filter>Source Files</Filter>
    </ClCompile>
    <ClCompile Include="include\graphics\gui\scrollarea.cpp">
      <Filter>Source Files</Filter>
    </ClCompile>
    <ClCompile Include="include\graphics\gui\text\draft_interface.cpp">
      <Filter>Source Files</Filter>
    </ClCompile>
    <ClCompile Include="include\graphics\gui\text\text_rect.cpp">
      <Filter>Source Files</Filter>
    </ClCompile>
    <ClCompile Include="include\graphics\gui\checkbox.cpp">
      <Filter>Source Files</Filter>
    </ClCompile>
    <ClCompile Include="include\graphics\gui\stylesheet.cpp">
      <Filter>Source Files</Filter>
    </ClCompile>
    <ClCompile Include="include\graphics\gui\stroke.cpp">
      <Filter>Source Files</Filter>
    </ClCompile>
  </ItemGroup>
</Project>