
Microsoft Visual Studio Solution File, Format Version 12.00
# Visual Studio Express 2012 for Windows Desktop
Project("{8BC9CEB8-8B4A-11D0-8D11-00A0C91BC942}") = "DepthBase", "DepthBase.vcxproj", "{E6D4CE70-15DD-4E33-8840-DFA6DC12A8DD}"
EndProject
Project("{8BC9CEB8-8B4A-11D0-8D11-00A0C91BC942}") = "DepthBase Test", "DepthBase Test.vcxproj", "{B5A7B0C3-5179-48E2-9EAA-3EEA08B18DCB}"
	ProjectSection(ProjectDependencies) = postProject
		{E6D4CE70-15DD-4E33-8840-DFA6DC12A8DD} = {E6D4CE70-15DD-4E33-8840-DFA6DC12A8DD}
	EndProjectSection
EndProject
Global
	GlobalSection(SolutionConfigurationPlatforms) = preSolution
		Debug|Win32 = Debug|Win32
		Release|Win32 = Release|Win32
	EndGlobalSection
	GlobalSection(ProjectConfigurationPlatforms) = postSolution
		{E6D4CE70-15DD-4E33-8840-DFA6DC12A8DD}.Debug|Win32.ActiveCfg = Debug|Win32
		{E6D4CE70-15DD-4E33-8840-DFA6DC12A8DD}.Debug|Win32.Build.0 = Debug|Win32
		{E6D4CE70-15DD-4E33-8840-DFA6DC12A8DD}.Release|Win32.ActiveCfg = Release|Win32
		{E6D4CE70-15DD-4E33-8840-DFA6DC12A8DD}.Release|Win32.Build.0 = Release|Win32
		{B5A7B0C3-5179-48E2-9EAA-3EEA08B18DCB}.Debug|Win32.ActiveCfg = Debug|Win32
		{B5A7B0C3-5179-48E2-9EAA-3EEA08B18DCB}.Debug|Win32.Build.0 = Debug|Win32
		{B5A7B0C3-5179-48E2-9EAA-3EEA08B18DCB}.Release|Win32.ActiveCfg = Release|Win32
		{B5A7B0C3-5179-48E2-9EAA-3EEA08B18DCB}.Release|Win32.Build.0 = Release|Win32
	EndGlobalSection
	GlobalSection(SolutionProperties) = preSolution
		HideSolutionNode = FALSE
	EndGlobalSection
EndGlobal
